// !$*UTF8*$!
{
	archiveVersion = 1;
	classes = {
	};
	objectVersion = 46;
	objects = {

/* Begin PBXBuildFile section */
		B7162EC21D5BBB22002E9184 /* AppDelegate.swift in Sources */ = {isa = PBXBuildFile; fileRef = B7162EC11D5BBB22002E9184 /* AppDelegate.swift */; };
		B7162EC41D5BBB22002E9184 /* MainViewController.swift in Sources */ = {isa = PBXBuildFile; fileRef = B7162EC31D5BBB22002E9184 /* MainViewController.swift */; };
		B7162EC71D5BBB22002E9184 /* Main.storyboard in Resources */ = {isa = PBXBuildFile; fileRef = B7162EC51D5BBB22002E9184 /* Main.storyboard */; };
		B7162EC91D5BBB22002E9184 /* Assets.xcassets in Resources */ = {isa = PBXBuildFile; fileRef = B7162EC81D5BBB22002E9184 /* Assets.xcassets */; };
		B7162ECC1D5BBB22002E9184 /* LaunchScreen.storyboard in Resources */ = {isa = PBXBuildFile; fileRef = B7162ECA1D5BBB22002E9184 /* LaunchScreen.storyboard */; };
		B7365A501D61E5CF004F0377 /* Menu.swift in Sources */ = {isa = PBXBuildFile; fileRef = B7365A4F1D61E5CF004F0377 /* Menu.swift */; };
		B78E83501D5CCC9A00F6B6E2 /* ContainerViewController.swift in Sources */ = {isa = PBXBuildFile; fileRef = B78E834F1D5CCC9A00F6B6E2 /* ContainerViewController.swift */; };
		B78E83521D5CCFFD00F6B6E2 /* LeftPanel.swift in Sources */ = {isa = PBXBuildFile; fileRef = B78E83511D5CCFFD00F6B6E2 /* LeftPanel.swift */; };
/* End PBXBuildFile section */

/* Begin PBXFileReference section */
		B7162EBE1D5BBB22002E9184 /* JustNails.app */ = {isa = PBXFileReference; explicitFileType = wrapper.application; includeInIndex = 0; path = JustNails.app; sourceTree = BUILT_PRODUCTS_DIR; };
		B7162EC11D5BBB22002E9184 /* AppDelegate.swift */ = {isa = PBXFileReference; lastKnownFileType = sourcecode.swift; path = AppDelegate.swift; sourceTree = "<group>"; };
		B7162EC31D5BBB22002E9184 /* MainViewController.swift */ = {isa = PBXFileReference; lastKnownFileType = sourcecode.swift; path = MainViewController.swift; sourceTree = "<group>"; };
		B7162EC61D5BBB22002E9184 /* Base */ = {isa = PBXFileReference; lastKnownFileType = file.storyboard; name = Base; path = Base.lproj/Main.storyboard; sourceTree = "<group>"; };
		B7162EC81D5BBB22002E9184 /* Assets.xcassets */ = {isa = PBXFileReference; lastKnownFileType = folder.assetcatalog; path = Assets.xcassets; sourceTree = "<group>"; };
		B7162ECB1D5BBB22002E9184 /* Base */ = {isa = PBXFileReference; lastKnownFileType = file.storyboard; name = Base; path = Base.lproj/LaunchScreen.storyboard; sourceTree = "<group>"; };
		B7162ECD1D5BBB22002E9184 /* Info.plist */ = {isa = PBXFileReference; lastKnownFileType = text.plist.xml; path = Info.plist; sourceTree = "<group>"; };
		B7365A4F1D61E5CF004F0377 /* Menu.swift */ = {isa = PBXFileReference; fileEncoding = 4; lastKnownFileType = sourcecode.swift; path = Menu.swift; sourceTree = "<group>"; };
		B78E834F1D5CCC9A00F6B6E2 /* ContainerViewController.swift */ = {isa = PBXFileReference; fileEncoding = 4; lastKnownFileType = sourcecode.swift; path = ContainerViewController.swift; sourceTree = "<group>"; };
		B78E83511D5CCFFD00F6B6E2 /* LeftPanel.swift */ = {isa = PBXFileReference; fileEncoding = 4; lastKnownFileType = sourcecode.swift; path = LeftPanel.swift; sourceTree = "<group>"; };
/* End PBXFileReference section */

/* Begin PBXFrameworksBuildPhase section */
		B7162EBB1D5BBB22002E9184 /* Frameworks */ = {
			isa = PBXFrameworksBuildPhase;
			buildActionMask = 2147483647;
			files = (
			);
			runOnlyForDeploymentPostprocessing = 0;
		};
/* End PBXFrameworksBuildPhase section */

/* Begin PBXGroup section */
		B7162EB51D5BBB22002E9184 = {
			isa = PBXGroup;
			children = (
				B7162EC01D5BBB22002E9184 /* JustNails */,
				B7162EBF1D5BBB22002E9184 /* Products */,
			);
			sourceTree = "<group>";
		};
		B7162EBF1D5BBB22002E9184 /* Products */ = {
			isa = PBXGroup;
			children = (
				B7162EBE1D5BBB22002E9184 /* JustNails.app */,
			);
			name = Products;
			sourceTree = "<group>";
		};
		B7162EC01D5BBB22002E9184 /* JustNails */ = {
			isa = PBXGroup;
			children = (
				B7162EC11D5BBB22002E9184 /* AppDelegate.swift */,
				B7162EC31D5BBB22002E9184 /* MainViewController.swift */,
				B78E834F1D5CCC9A00F6B6E2 /* ContainerViewController.swift */,
				B78E83511D5CCFFD00F6B6E2 /* LeftPanel.swift */,
				B7365A4F1D61E5CF004F0377 /* Menu.swift */,
				B7162EC51D5BBB22002E9184 /* Main.storyboard */,
				B7162EC81D5BBB22002E9184 /* Assets.xcassets */,
				B7162ECA1D5BBB22002E9184 /* LaunchScreen.storyboard */,
				B7162ECD1D5BBB22002E9184 /* Info.plist */,
			);
			path = JustNails;
			sourceTree = "<group>";
		};
/* End PBXGroup section */

/* Begin PBXNativeTarget section */
		B7162EBD1D5BBB22002E9184 /* JustNails */ = {
			isa = PBXNativeTarget;
			buildConfigurationList = B7162ED01D5BBB22002E9184 /* Build configuration list for PBXNativeTarget "JustNails" */;
			buildPhases = (
				B7162EBA1D5BBB22002E9184 /* Sources */,
				B7162EBB1D5BBB22002E9184 /* Frameworks */,
				B7162EBC1D5BBB22002E9184 /* Resources */,
			);
			buildRules = (
			);
			dependencies = (
			);
			name = JustNails;
			productName = JustNails;
			productReference = B7162EBE1D5BBB22002E9184 /* JustNails.app */;
			productType = "com.apple.product-type.application";
		};
/* End PBXNativeTarget section */

/* Begin PBXProject section */
		B7162EB61D5BBB22002E9184 /* Project object */ = {
			isa = PBXProject;
			attributes = {
				LastSwiftUpdateCheck = 0730;
				LastUpgradeCheck = 0730;
				ORGANIZATIONNAME = Dmitry;
				TargetAttributes = {
					B7162EBD1D5BBB22002E9184 = {
						CreatedOnToolsVersion = 7.3.1;
					};
				};
			};
			buildConfigurationList = B7162EB91D5BBB22002E9184 /* Build configuration list for PBXProject "JustNails" */;
			compatibilityVersion = "Xcode 3.2";
			developmentRegion = English;
			hasScannedForEncodings = 0;
			knownRegions = (
				en,
				Base,
			);
			mainGroup = B7162EB51D5BBB22002E9184;
			productRefGroup = B7162EBF1D5BBB22002E9184 /* Products */;
			projectDirPath = "";
			projectRoot = "";
			targets = (
				B7162EBD1D5BBB22002E9184 /* JustNails */,
			);
		};
/* End PBXProject section */

/* Begin PBXResourcesBuildPhase section */
		B7162EBC1D5BBB22002E9184 /* Resources */ = {
			isa = PBXResourcesBuildPhase;
			buildActionMask = 2147483647;
			files = (
				B7162ECC1D5BBB22002E9184 /* LaunchScreen.storyboard in Resources */,
				B7162EC91D5BBB22002E9184 /* Assets.xcassets in Resources */,
				B7162EC71D5BBB22002E9184 /* Main.storyboard in Resources */,
			);
			runOnlyForDeploymentPostprocessing = 0;
		};
/* End PBXResourcesBuildPhase section */

/* Begin PBXSourcesBuildPhase section */
		B7162EBA1D5BBB22002E9184 /* Sources */ = {
			isa = PBXSourcesBuildPhase;
			buildActionMask = 2147483647;
			files = (
				B7162EC41D5BBB22002E9184 /* MainViewController.swift in Sources */,
				B78E83521D5CCFFD00F6B6E2 /* LeftPanel.swift in Sources */,
				B78E83501D5CCC9A00F6B6E2 /* ContainerViewController.swift in Sources */,
				B7162EC21D5BBB22002E9184 /* AppDelegate.swift in Sources */,
				B7365A501D61E5CF004F0377 /* Menu.swift in Sources */,
			);
			runOnlyForDeploymentPostprocessing = 0;
		};
/* End PBXSourcesBuildPhase section */

/* Begin PBXVariantGroup section */
		B7162EC51D5BBB22002E9184 /* Main.storyboard */ = {
			isa = PBXVariantGroup;
			children = (
				B7162EC61D5BBB22002E9184 /* Base */,
			);
			name = Main.storyboard;
			sourceTree = "<group>";
		};
		B7162ECA1D5BBB22002E9184 /* LaunchScreen.storyboard */ = {
			isa = PBXVariantGroup;
			children = (
				B7162ECB1D5BBB22002E9184 /* Base */,
			);
			name = LaunchScreen.storyboard;
			sourceTree = "<group>";
		};
/* End PBXVariantGroup section */

/* Begin XCBuildConfiguration section */
		B7162ECE1D5BBB22002E9184 /* Debug */ = {
			isa = XCBuildConfiguration;
			buildSettings = {
				ALWAYS_SEARCH_USER_PATHS = NO;
				CLANG_ANALYZER_NONNULL = YES;
				CLANG_CXX_LANGUAGE_STANDARD = "gnu++0x";
				CLANG_CXX_LIBRARY = "libc++";
				CLANG_ENABLE_MODULES = YES;
				CLANG_ENABLE_OBJC_ARC = YES;
				CLANG_WARN_BOOL_CONVERSION = YES;
				CLANG_WARN_CONSTANT_CONVERSION = YES;
				CLANG_WARN_DIRECT_OBJC_ISA_USAGE = YES_ERROR;
				CLANG_WARN_EMPTY_BODY = YES;
				CLANG_WARN_ENUM_CONVERSION = YES;
				CLANG_WARN_INT_CONVERSION = YES;
				CLANG_WARN_OBJC_ROOT_CLASS = YES_ERROR;
				CLANG_WARN_UNREACHABLE_CODE = YES;
				CLANG_WARN__DUPLICATE_METHOD_MATCH = YES;
				"CODE_SIGN_IDENTITY[sdk=iphoneos*]" = "iPhone Developer";
				COPY_PHASE_STRIP = NO;
				DEBUG_INFORMATION_FORMAT = dwarf;
				ENABLE_STRICT_OBJC_MSGSEND = YES;
				ENABLE_TESTABILITY = YES;
				GCC_C_LANGUAGE_STANDARD = gnu99;
				GCC_DYNAMIC_NO_PIC = NO;
				GCC_NO_COMMON_BLOCKS = YES;
				GCC_OPTIMIZATION_LEVEL = 0;
				GCC_PREPROCESSOR_DEFINITIONS = (
					"DEBUG=1",
					"$(inherited)",
				);
				GCC_WARN_64_TO_32_BIT_CONVERSION = YES;
				GCC_WARN_ABOUT_RETURN_TYPE = YES_ERROR;
				GCC_WARN_UNDECLARED_SELECTOR = YES;
				GCC_WARN_UNINITIALIZED_AUTOS = YES_AGGRESSIVE;
				GCC_WARN_UNUSED_FUNCTION = YES;
				GCC_WARN_UNUSED_VARIABLE = YES;
				IPHONEOS_DEPLOYMENT_TARGET = 9.3;
				MTL_ENABLE_DEBUG_INFO = YES;
				ONLY_ACTIVE_ARCH = YES;
				SDKROOT = iphoneos;
				SWIFT_OPTIMIZATION_LEVEL = "-Onone";
			};
			name = Debug;
		};
		B7162ECF1D5BBB22002E9184 /* Release */ = {
			isa = XCBuildConfiguration;
			buildSettings = {
				ALWAYS_SEARCH_USER_PATHS = NO;
				CLANG_ANALYZER_NONNULL = YES;
				CLANG_CXX_LANGUAGE_STANDARD = "gnu++0x";
				CLANG_CXX_LIBRARY = "libc++";
				CLANG_ENABLE_MODULES = YES;
				CLANG_ENABLE_OBJC_ARC = YES;
				CLANG_WARN_BOOL_CONVERSION = YES;
				CLANG_WARN_CONSTANT_CONVERSION = YES;
				CLANG_WARN_DIRECT_OBJC_ISA_USAGE = YES_ERROR;
				CLANG_WARN_EMPTY_BODY = YES;
				CLANG_WARN_ENUM_CONVERSION = YES;
				CLANG_WARN_INT_CONVERSION = YES;
				CLANG_WARN_OBJC_ROOT_CLASS = YES_ERROR;
				CLANG_WARN_UNREACHABLE_CODE = YES;
				CLANG_WARN__DUPLICATE_METHOD_MATCH = YES;
				"CODE_SIGN_IDENTITY[sdk=iphoneos*]" = "iPhone Developer";
				COPY_PHASE_STRIP = NO;
				DEBUG_INFORMATION_FORMAT = "dwarf-with-dsym";
				ENABLE_NS_ASSERTIONS = NO;
				ENABLE_STRICT_OBJC_MSGSEND = YES;
				GCC_C_LANGUAGE_STANDARD = gnu99;
				GCC_NO_COMMON_BLOCKS = YES;
				GCC_WARN_64_TO_32_BIT_CONVERSION = YES;
				GCC_WARN_ABOUT_RETURN_TYPE = YES_ERROR;
				GCC_WARN_UNDECLARED_SELECTOR = YES;
				GCC_WARN_UNINITIALIZED_AUTOS = YES_AGGRESSIVE;
				GCC_WARN_UNUSED_FUNCTION = YES;
				GCC_WARN_UNUSED_VARIABLE = YES;
				IPHONEOS_DEPLOYMENT_TARGET = 9.3;
				MTL_ENABLE_DEBUG_INFO = NO;
				SDKROOT = iphoneos;
				VALIDATE_PRODUCT = YES;
			};
			name = Release;
		};
		B7162ED11D5BBB22002E9184 /* Debug */ = {
			isa = XCBuildConfiguration;
			buildSettings = {
				ASSETCATALOG_COMPILER_APPICON_NAME = AppIcon;
				INFOPLIST_FILE = JustNails/Info.plist;
				LD_RUNPATH_SEARCH_PATHS = "$(inherited) @executable_path/Frameworks";
				PRODUCT_BUNDLE_IDENTIFIER = Dmitry.JustNails;
				PRODUCT_NAME = "$(TARGET_NAME)";
			};
			name = Debug;
		};
		B7162ED21D5BBB22002E9184 /* Release */ = {
			isa = XCBuildConfiguration;
			buildSettings = {
				ASSETCATALOG_COMPILER_APPICON_NAME = AppIcon;
				INFOPLIST_FILE = JustNails/Info.plist;
				LD_RUNPATH_SEARCH_PATHS = "$(inherited) @executable_path/Frameworks";
				PRODUCT_BUNDLE_IDENTIFIER = Dmitry.JustNails;
				PRODUCT_NAME = "$(TARGET_NAME)";
			};
			name = Release;
		};
/* End XCBuildConfiguration section */

/* Begin XCConfigurationList section */
		B7162EB91D5BBB22002E9184 /* Build configuration list for PBXProject "JustNails" */ = {
			isa = XCConfigurationList;
			buildConfigurations = (
				B7162ECE1D5BBB22002E9184 /* Debug */,
				B7162ECF1D5BBB22002E9184 /* Release */,
			);
			defaultConfigurationIsVisible = 0;
			defaultConfigurationName = Release;
		};
		B7162ED01D5BBB22002E9184 /* Build configuration list for PBXNativeTarget "JustNails" */ = {
			isa = XCConfigurationList;
			buildConfigurations = (
				B7162ED11D5BBB22002E9184 /* Debug */,
				B7162ED21D5BBB22002E9184 /* Release */,
			);
			defaultConfigurationIsVisible = 0;
			defaultConfigurationName = Release;
		};
/* End XCConfigurationList section */
	};
	rootObject = B7162EB61D5BBB22002E9184 /* Project object */;
}
